
Microsoft Visual Studio Solution File, Format Version 12.00
# Visual Studio Version 16
VisualStudioVersion = 16.0.30204.135
MinimumVisualStudioVersion = 10.0.40219.1
Project("{FAE04EC0-301F-11D3-BF4B-00C04F79EFBC}") = "signalR-log-output", "signalR-log-output.csproj", "{6D885E49-13DE-4362-A879-D6AF09E5E17B}"
EndProject
Global
	GlobalSection(SolutionConfigurationPlatforms) = preSolution
		Debug|Any CPU = Debug|Any CPU
		Release|Any CPU = Release|Any CPU
	EndGlobalSection
	GlobalSection(ProjectConfigurationPlatforms) = postSolution
		{6D885E49-13DE-4362-A879-D6AF09E5E17B}.Debug|Any CPU.ActiveCfg = Debug|Any CPU
		{6D885E49-13DE-4362-A879-D6AF09E5E17B}.Debug|Any CPU.Build.0 = Debug|Any CPU
		{6D885E49-13DE-4362-A879-D6AF09E5E17B}.Release|Any CPU.ActiveCfg = Release|Any CPU
		{6D885E49-13DE-4362-A879-D6AF09E5E17B}.Release|Any CPU.Build.0 = Release|Any CPU
	EndGlobalSection
	GlobalSection(SolutionProperties) = preSolution
		HideSolutionNode = FALSE
	EndGlobalSection
	GlobalSection(ExtensibilityGlobals) = postSolution
		SolutionGuid = {AE0782D4-13AF-4C24-A0D5-1E78D7C258A8}
	EndGlobalSection
EndGlobal
